// !$*UTF8*$!
{
	archiveVersion = 1;
	classes = {
	};
	objectVersion = 50;
	objects = {

/* Begin PBXBuildFile section */
		101634FE2404B4DF00E47B1A /* AppDelegate.swift in Sources */ = {isa = PBXBuildFile; fileRef = 101634FD2404B4DF00E47B1A /* AppDelegate.swift */; };
		101635002404B4DF00E47B1A /* SceneDelegate.swift in Sources */ = {isa = PBXBuildFile; fileRef = 101634FF2404B4DF00E47B1A /* SceneDelegate.swift */; };
		101635022404B4DF00E47B1A /* ViewController.swift in Sources */ = {isa = PBXBuildFile; fileRef = 101635012404B4DF00E47B1A /* ViewController.swift */; };
		101635052404B4DF00E47B1A /* Main.storyboard in Resources */ = {isa = PBXBuildFile; fileRef = 101635032404B4DF00E47B1A /* Main.storyboard */; };
		101635072404B4E100E47B1A /* Assets.xcassets in Resources */ = {isa = PBXBuildFile; fileRef = 101635062404B4E100E47B1A /* Assets.xcassets */; };
		1016350A2404B4E100E47B1A /* LaunchScreen.storyboard in Resources */ = {isa = PBXBuildFile; fileRef = 101635082404B4E100E47B1A /* LaunchScreen.storyboard */; };
/* End PBXBuildFile section */

/* Begin PBXFileReference section */
		101634FA2404B4DF00E47B1A /* J.UserManagerment.app */ = {isa = PBXFileReference; explicitFileType = wrapper.application; includeInIndex = 0; path = J.UserManagerment.app; sourceTree = BUILT_PRODUCTS_DIR; };
		101634FD2404B4DF00E47B1A /* AppDelegate.swift */ = {isa = PBXFileReference; lastKnownFileType = sourcecode.swift; path = AppDelegate.swift; sourceTree = "<group>"; };
		101634FF2404B4DF00E47B1A /* SceneDelegate.swift */ = {isa = PBXFileReference; lastKnownFileType = sourcecode.swift; path = SceneDelegate.swift; sourceTree = "<group>"; };
		101635012404B4DF00E47B1A /* ViewController.swift */ = {isa = PBXFileReference; lastKnownFileType = sourcecode.swift; path = ViewController.swift; sourceTree = "<group>"; };
		101635042404B4DF00E47B1A /* Base */ = {isa = PBXFileReference; lastKnownFileType = file.storyboard; name = Base; path = Base.lproj/Main.storyboard; sourceTree = "<group>"; };
		101635062404B4E100E47B1A /* Assets.xcassets */ = {isa = PBXFileReference; lastKnownFileType = folder.assetcatalog; path = Assets.xcassets; sourceTree = "<group>"; };
		101635092404B4E100E47B1A /* Base */ = {isa = PBXFileReference; lastKnownFileType = file.storyboard; name = Base; path = Base.lproj/LaunchScreen.storyboard; sourceTree = "<group>"; };
		1016350B2404B4E100E47B1A /* Info.plist */ = {isa = PBXFileReference; lastKnownFileType = text.plist.xml; path = Info.plist; sourceTree = "<group>"; };
/* End PBXFileReference section */

/* Begin PBXFrameworksBuildPhase section */
		101634F72404B4DF00E47B1A /* Frameworks */ = {
			isa = PBXFrameworksBuildPhase;
			buildActionMask = 2147483647;
			files = (
			);
			runOnlyForDeploymentPostprocessing = 0;
		};
/* End PBXFrameworksBuildPhase section */

/* Begin PBXGroup section */
		101634F12404B4DF00E47B1A = {
			isa = PBXGroup;
			children = (
				101634FC2404B4DF00E47B1A /* J.UserManagerment */,
				101634FB2404B4DF00E47B1A /* Products */,
			);
			sourceTree = "<group>";
		};
		101634FB2404B4DF00E47B1A /* Products */ = {
			isa = PBXGroup;
			children = (
				101634FA2404B4DF00E47B1A /* J.UserManagerment.app */,
			);
			name = Products;
			sourceTree = "<group>";
		};
		101634FC2404B4DF00E47B1A /* J.UserManagerment */ = {
			isa = PBXGroup;
			children = (
				101634FD2404B4DF00E47B1A /* AppDelegate.swift */,
				101634FF2404B4DF00E47B1A /* SceneDelegate.swift */,
				101635012404B4DF00E47B1A /* ViewController.swift */,
				101635032404B4DF00E47B1A /* Main.storyboard */,
				101635062404B4E100E47B1A /* Assets.xcassets */,
				101635082404B4E100E47B1A /* LaunchScreen.storyboard */,
				1016350B2404B4E100E47B1A /* Info.plist */,
			);
			path = J.UserManagerment;
			sourceTree = "<group>";
		};
/* End PBXGroup section */

/* Begin PBXNativeTarget section */
		101634F92404B4DF00E47B1A /* J.UserManagerment */ = {
			isa = PBXNativeTarget;
			buildConfigurationList = 1016350E2404B4E100E47B1A /* Build configuration list for PBXNativeTarget "J.UserManagerment" */;
			buildPhases = (
				101634F62404B4DF00E47B1A /* Sources */,
				101634F72404B4DF00E47B1A /* Frameworks */,
				101634F82404B4DF00E47B1A /* Resources */,
			);
			buildRules = (
			);
			dependencies = (
			);
			name = J.UserManagerment;
			productName = J.UserManagerment;
			productReference = 101634FA2404B4DF00E47B1A /* J.UserManagerment.app */;
			productType = "com.apple.product-type.application";
		};
/* End PBXNativeTarget section */

/* Begin PBXProject section */
		101634F22404B4DF00E47B1A /* Project object */ = {
			isa = PBXProject;
			attributes = {
				LastSwiftUpdateCheck = 1130;
				LastUpgradeCheck = 1130;
				ORGANIZATIONNAME = "JinYoung Lee";
				TargetAttributes = {
					101634F92404B4DF00E47B1A = {
						CreatedOnToolsVersion = 11.3.1;
					};
				};
			};
			buildConfigurationList = 101634F52404B4DF00E47B1A /* Build configuration list for PBXProject "J.UserManagerment" */;
			compatibilityVersion = "Xcode 9.3";
			developmentRegion = en;
			hasScannedForEncodings = 0;
			knownRegions = (
				en,
				Base,
			);
			mainGroup = 101634F12404B4DF00E47B1A;
			productRefGroup = 101634FB2404B4DF00E47B1A /* Products */;
			projectDirPath = "";
			projectRoot = "";
			targets = (
				101634F92404B4DF00E47B1A /* J.UserManagerment */,
			);
		};
/* End PBXProject section */

/* Begin PBXResourcesBuildPhase section */
		101634F82404B4DF00E47B1A /* Resources */ = {
			isa = PBXResourcesBuildPhase;
			buildActionMask = 2147483647;
			files = (
				1016350A2404B4E100E47B1A /* LaunchScreen.storyboard in Resources */,
				101635072404B4E100E47B1A /* Assets.xcassets in Resources */,
				101635052404B4DF00E47B1A /* Main.storyboard in Resources */,
			);
			runOnlyForDeploymentPostprocessing = 0;
		};
/* End PBXResourcesBuildPhase section */

/* Begin PBXSourcesBuildPhase section */
		101634F62404B4DF00E47B1A /* Sources */ = {
			isa = PBXSourcesBuildPhase;
			buildActionMask = 2147483647;
			files = (
				101635022404B4DF00E47B1A /* ViewController.swift in Sources */,
				101634FE2404B4DF00E47B1A /* AppDelegate.swift in Sources */,
				101635002404B4DF00E47B1A /* SceneDelegate.swift in Sources */,
			);
			runOnlyForDeploymentPostprocessing = 0;
		};
/* End PBXSourcesBuildPhase section */

/* Begin PBXVariantGroup section */
		101635032404B4DF00E47B1A /* Main.storyboard */ = {
			isa = PBXVariantGroup;
			children = (
				101635042404B4DF00E47B1A /* Base */,
			);
			name = Main.storyboard;
			sourceTree = "<group>";
		};
		101635082404B4E100E47B1A /* LaunchScreen.storyboard */ = {
			isa = PBXVariantGroup;
			children = (
				101635092404B4E100E47B1A /* Base */,
			);
			name = LaunchScreen.storyboard;
			sourceTree = "<group>";
		};
/* End PBXVariantGroup section */

/* Begin XCBuildConfiguration section */
		1016350C2404B4E100E47B1A /* Debug */ = {
			isa = XCBuildConfiguration;
			buildSettings = {
				ALWAYS_SEARCH_USER_PATHS = NO;
				CLANG_ANALYZER_NONNULL = YES;
				CLANG_ANALYZER_NUMBER_OBJECT_CONVERSION = YES_AGGRESSIVE;
				CLANG_CXX_LANGUAGE_STANDARD = "gnu++14";
				CLANG_CXX_LIBRARY = "libc++";
				CLANG_ENABLE_MODULES = YES;
				CLANG_ENABLE_OBJC_ARC = YES;
				CLANG_ENABLE_OBJC_WEAK = YES;
				CLANG_WARN_BLOCK_CAPTURE_AUTORELEASING = YES;
				CLANG_WARN_BOOL_CONVERSION = YES;
				CLANG_WARN_COMMA = YES;
				CLANG_WARN_CONSTANT_CONVERSION = YES;
				CLANG_WARN_DEPRECATED_OBJC_IMPLEMENTATIONS = YES;
				CLANG_WARN_DIRECT_OBJC_ISA_USAGE = YES_ERROR;
				CLANG_WARN_DOCUMENTATION_COMMENTS = YES;
				CLANG_WARN_EMPTY_BODY = YES;
				CLANG_WARN_ENUM_CONVERSION = YES;
				CLANG_WARN_INFINITE_RECURSION = YES;
				CLANG_WARN_INT_CONVERSION = YES;
				CLANG_WARN_NON_LITERAL_NULL_CONVERSION = YES;
				CLANG_WARN_OBJC_IMPLICIT_RETAIN_SELF = YES;
				CLANG_WARN_OBJC_LITERAL_CONVERSION = YES;
				CLANG_WARN_OBJC_ROOT_CLASS = YES_ERROR;
				CLANG_WARN_RANGE_LOOP_ANALYSIS = YES;
				CLANG_WARN_STRICT_PROTOTYPES = YES;
				CLANG_WARN_SUSPICIOUS_MOVE = YES;
				CLANG_WARN_UNGUARDED_AVAILABILITY = YES_AGGRESSIVE;
				CLANG_WARN_UNREACHABLE_CODE = YES;
				CLANG_WARN__DUPLICATE_METHOD_MATCH = YES;
				COPY_PHASE_STRIP = NO;
				DEBUG_INFORMATION_FORMAT = dwarf;
				ENABLE_STRICT_OBJC_MSGSEND = YES;
				ENABLE_TESTABILITY = YES;
				GCC_C_LANGUAGE_STANDARD = gnu11;
				GCC_DYNAMIC_NO_PIC = NO;
				GCC_NO_COMMON_BLOCKS = YES;
				GCC_OPTIMIZATION_LEVEL = 0;
				GCC_PREPROCESSOR_DEFINITIONS = (
					"DEBUG=1",
					"$(inherited)",
				);
				GCC_WARN_64_TO_32_BIT_CONVERSION = YES;
				GCC_WARN_ABOUT_RETURN_TYPE = YES_ERROR;
				GCC_WARN_UNDECLARED_SELECTOR = YES;
				GCC_WARN_UNINITIALIZED_AUTOS = YES_AGGRESSIVE;
				GCC_WARN_UNUSED_FUNCTION = YES;
				GCC_WARN_UNUSED_VARIABLE = YES;
				IPHONEOS_DEPLOYMENT_TARGET = 13.2;
				MTL_ENABLE_DEBUG_INFO = INCLUDE_SOURCE;
				MTL_FAST_MATH = YES;
				ONLY_ACTIVE_ARCH = YES;
				SDKROOT = iphoneos;
				SWIFT_ACTIVE_COMPILATION_CONDITIONS = DEBUG;
				SWIFT_OPTIMIZATION_LEVEL = "-Onone";
			};
			name = Debug;
		};
		1016350D2404B4E100E47B1A /* Release */ = {
			isa = XCBuildConfiguration;
			buildSettings = {
				ALWAYS_SEARCH_USER_PATHS = NO;
				CLANG_ANALYZER_NONNULL = YES;
				CLANG_ANALYZER_NUMBER_OBJECT_CONVERSION = YES_AGGRESSIVE;
				CLANG_CXX_LANGUAGE_STANDARD = "gnu++14";
				CLANG_CXX_LIBRARY = "libc++";
				CLANG_ENABLE_MODULES = YES;
				CLANG_ENABLE_OBJC_ARC = YES;
				CLANG_ENABLE_OBJC_WEAK = YES;
				CLANG_WARN_BLOCK_CAPTURE_AUTORELEASING = YES;
				CLANG_WARN_BOOL_CONVERSION = YES;
				CLANG_WARN_COMMA = YES;
				CLANG_WARN_CONSTANT_CONVERSION = YES;
				CLANG_WARN_DEPRECATED_OBJC_IMPLEMENTATIONS = YES;
				CLANG_WARN_DIRECT_OBJC_ISA_USAGE = YES_ERROR;
				CLANG_WARN_DOCUMENTATION_COMMENTS = YES;
				CLANG_WARN_EMPTY_BODY = YES;
				CLANG_WARN_ENUM_CONVERSION = YES;
				CLANG_WARN_INFINITE_RECURSION = YES;
				CLANG_WARN_INT_CONVERSION = YES;
				CLANG_WARN_NON_LITERAL_NULL_CONVERSION = YES;
				CLANG_WARN_OBJC_IMPLICIT_RETAIN_SELF = YES;
				CLANG_WARN_OBJC_LITERAL_CONVERSION = YES;
				CLANG_WARN_OBJC_ROOT_CLASS = YES_ERROR;
				CLANG_WARN_RANGE_LOOP_ANALYSIS = YES;
				CLANG_WARN_STRICT_PROTOTYPES = YES;
				CLANG_WARN_SUSPICIOUS_MOVE = YES;
				CLANG_WARN_UNGUARDED_AVAILABILITY = YES_AGGRESSIVE;
				CLANG_WARN_UNREACHABLE_CODE = YES;
				CLANG_WARN__DUPLICATE_METHOD_MATCH = YES;
				COPY_PHASE_STRIP = NO;
				DEBUG_INFORMATION_FORMAT = "dwarf-with-dsym";
				ENABLE_NS_ASSERTIONS = NO;
				ENABLE_STRICT_OBJC_MSGSEND = YES;
				GCC_C_LANGUAGE_STANDARD = gnu11;
				GCC_NO_COMMON_BLOCKS = YES;
				GCC_WARN_64_TO_32_BIT_CONVERSION = YES;
				GCC_WARN_ABOUT_RETURN_TYPE = YES_ERROR;
				GCC_WARN_UNDECLARED_SELECTOR = YES;
				GCC_WARN_UNINITIALIZED_AUTOS = YES_AGGRESSIVE;
				GCC_WARN_UNUSED_FUNCTION = YES;
				GCC_WARN_UNUSED_VARIABLE = YES;
				IPHONEOS_DEPLOYMENT_TARGET = 13.2;
				MTL_ENABLE_DEBUG_INFO = NO;
				MTL_FAST_MATH = YES;
				SDKROOT = iphoneos;
				SWIFT_COMPILATION_MODE = wholemodule;
				SWIFT_OPTIMIZATION_LEVEL = "-O";
				VALIDATE_PRODUCT = YES;
			};
			name = Release;
		};
		1016350F2404B4E100E47B1A /* Debug */ = {
			isa = XCBuildConfiguration;
			buildSettings = {
				ASSETCATALOG_COMPILER_APPICON_NAME = AppIcon;
				CODE_SIGN_STYLE = Automatic;
				DEVELOPMENT_TEAM = SCEZ5R8HKX;
				INFOPLIST_FILE = J.UserManagerment/Info.plist;
				LD_RUNPATH_SEARCH_PATHS = (
					"$(inherited)",
					"@executable_path/Frameworks",
				);
				PRODUCT_BUNDLE_IDENTIFIER = "com.jinyoung.J-UserManagerment";
				PRODUCT_NAME = "$(TARGET_NAME)";
				SWIFT_VERSION = 5.0;
				TARGETED_DEVICE_FAMILY = "1,2";
			};
			name = Debug;
		};
		101635102404B4E100E47B1A /* Release */ = {
			isa = XCBuildConfiguration;
			buildSettings = {
				ASSETCATALOG_COMPILER_APPICON_NAME = AppIcon;
				CODE_SIGN_STYLE = Automatic;
				DEVELOPMENT_TEAM = SCEZ5R8HKX;
				INFOPLIST_FILE = J.UserManagerment/Info.plist;
				LD_RUNPATH_SEARCH_PATHS = (
					"$(inherited)",
					"@executable_path/Frameworks",
				);
				PRODUCT_BUNDLE_IDENTIFIER = "com.jinyoung.J-UserManagerment";
				PRODUCT_NAME = "$(TARGET_NAME)";
				SWIFT_VERSION = 5.0;
				TARGETED_DEVICE_FAMILY = "1,2";
			};
			name = Release;
		};
/* End XCBuildConfiguration section */

/* Begin XCConfigurationList section */
		101634F52404B4DF00E47B1A /* Build configuration list for PBXProject "J.UserManagerment" */ = {
			isa = XCConfigurationList;
			buildConfigurations = (
				1016350C2404B4E100E47B1A /* Debug */,
				1016350D2404B4E100E47B1A /* Release */,
			);
			defaultConfigurationIsVisible = 0;
			defaultConfigurationName = Release;
		};
		1016350E2404B4E100E47B1A /* Build configuration list for PBXNativeTarget "J.UserManagerment" */ = {
			isa = XCConfigurationList;
			buildConfigurations = (
				1016350F2404B4E100E47B1A /* Debug */,
				101635102404B4E100E47B1A /* Release */,
			);
			defaultConfigurationIsVisible = 0;
			defaultConfigurationName = Release;
		};
/* End XCConfigurationList section */
	};
	rootObject = 101634F22404B4DF00E47B1A /* Project object */;
}
